# This file was autogenerated by Stack.
# You should not edit this file by hand.
# For more information, please see the documentation at:
#   https://docs.haskellstack.org/en/stable/lock_files

packages: []
snapshots:
- completed:
    sha256: eef6d5c91b703b406a043f6e5184fd65e2a094d14a88453ead2f3f1ff9b3de04
    size: 562077
    url: https://raw.githubusercontent.com/commercialhaskell/stackage-snapshots/master/nightly/2022/12/21.yaml
  original: nightly-2022-12-21
